
Microsoft Visual Studio Solution File, Format Version 12.00
# Visual Studio Version 16
VisualStudioVersion = 16.0.32510.428
MinimumVisualStudioVersion = 10.0.40219.1
Project("{FAE04EC0-301F-11D3-BF4B-00C04F79EFBC}") = "OrnekProje", "OrnekProje.csproj", "{1BDA721A-68EF-47E9-AC4D-7CEB5EEDDDA2}"
EndProject
Global
	GlobalSection(SolutionConfigurationPlatforms) = preSolution
		Debug|Any CPU = Debug|Any CPU
		Release|Any CPU = Release|Any CPU
	EndGlobalSection
	GlobalSection(ProjectConfigurationPlatforms) = postSolution
		{1BDA721A-68EF-47E9-AC4D-7CEB5EEDDDA2}.Debug|Any CPU.ActiveCfg = Debug|Any CPU
		{1BDA721A-68EF-47E9-AC4D-7CEB5EEDDDA2}.Debug|Any CPU.Build.0 = Debug|Any CPU
		{1BDA721A-68EF-47E9-AC4D-7CEB5EEDDDA2}.Release|Any CPU.ActiveCfg = Release|Any CPU
		{1BDA721A-68EF-47E9-AC4D-7CEB5EEDDDA2}.Release|Any CPU.Build.0 = Release|Any CPU
	EndGlobalSection
	GlobalSection(SolutionProperties) = preSolution
		HideSolutionNode = FALSE
	EndGlobalSection
	GlobalSection(ExtensibilityGlobals) = postSolution
		SolutionGuid = {610A1366-71ED-49DC-BC85-8FB0B6B1B7A3}
	EndGlobalSection
EndGlobal
